
Microsoft Visual Studio Solution File, Format Version 12.00
# Visual Studio Version 17
VisualStudioVersion = 17.3.32825.248
MinimumVisualStudioVersion = 10.0.40219.1
Project("{9A19103F-16F7-4668-BE54-9A1E7A4F7556}") = "MTGApplication", "MTG-Application\MTGApplication.csproj", "{F7FCA7F1-6563-45B5-8683-8D579F31410D}"
EndProject
Project("{9A19103F-16F7-4668-BE54-9A1E7A4F7556}") = "MTGApplicationTests", "MTG-ApplicationTests\MTGApplicationTests.csproj", "{397B9DA3-230E-44BB-9887-E50290DD842E}"
EndProject
Global
	GlobalSection(SolutionConfigurationPlatforms) = preSolution
		Debug|Any CPU = Debug|Any CPU
		Debug|x64 = Debug|x64
		Release|Any CPU = Release|Any CPU
		Release|x64 = Release|x64
	EndGlobalSection
	GlobalSection(ProjectConfigurationPlatforms) = postSolution
		{F7FCA7F1-6563-45B5-8683-8D579F31410D}.Debug|Any CPU.ActiveCfg = Debug|x64
		{F7FCA7F1-6563-45B5-8683-8D579F31410D}.Debug|Any CPU.Build.0 = Debug|x64
		{F7FCA7F1-6563-45B5-8683-8D579F31410D}.Debug|x64.ActiveCfg = Debug|x64
		{F7FCA7F1-6563-45B5-8683-8D579F31410D}.Debug|x64.Build.0 = Debug|x64
		{F7FCA7F1-6563-45B5-8683-8D579F31410D}.Release|Any CPU.ActiveCfg = Release|x64
		{F7FCA7F1-6563-45B5-8683-8D579F31410D}.Release|Any CPU.Build.0 = Release|x64
		{F7FCA7F1-6563-45B5-8683-8D579F31410D}.Release|x64.ActiveCfg = Release|x64
		{F7FCA7F1-6563-45B5-8683-8D579F31410D}.Release|x64.Build.0 = Release|x64
		{397B9DA3-230E-44BB-9887-E50290DD842E}.Debug|Any CPU.ActiveCfg = Debug|Any CPU
		{397B9DA3-230E-44BB-9887-E50290DD842E}.Debug|Any CPU.Build.0 = Debug|Any CPU
		{397B9DA3-230E-44BB-9887-E50290DD842E}.Debug|x64.ActiveCfg = Debug|x64
		{397B9DA3-230E-44BB-9887-E50290DD842E}.Debug|x64.Build.0 = Debug|x64
		{397B9DA3-230E-44BB-9887-E50290DD842E}.Release|Any CPU.ActiveCfg = Release|Any CPU
		{397B9DA3-230E-44BB-9887-E50290DD842E}.Release|Any CPU.Build.0 = Release|Any CPU
		{397B9DA3-230E-44BB-9887-E50290DD842E}.Release|x64.ActiveCfg = Release|x64
		{397B9DA3-230E-44BB-9887-E50290DD842E}.Release|x64.Build.0 = Release|x64
	EndGlobalSection
	GlobalSection(SolutionProperties) = preSolution
		HideSolutionNode = FALSE
	EndGlobalSection
	GlobalSection(ExtensibilityGlobals) = postSolution
		SolutionGuid = {26DA9B03-078D-4CE4-9A00-314F9BDF92B2}
	EndGlobalSection
EndGlobal
